
Microsoft Visual Studio Solution File, Format Version 12.00
# Visual Studio 15
VisualStudioVersion = 15.0.26430.6
MinimumVisualStudioVersion = 10.0.40219.1
Project("{FAE04EC0-301F-11D3-BF4B-00C04F79EFBC}") = "TicTacToe.Android", "TicTacToe\TicTacToe.Android\TicTacToe.Android.csproj", "{17144E1C-1DF2-412E-9C46-BF84FE971525}"
EndProject
Project("{FAE04EC0-301F-11D3-BF4B-00C04F79EFBC}") = "TicTacToe", "TicTacToe\TicTacToe\TicTacToe.csproj", "{99BCD1EC-EEE9-4A8A-A13E-E16B5E9BACA2}"
EndProject
Project("{FAE04EC0-301F-11D3-BF4B-00C04F79EFBC}") = "TicTacToe.UWP", "TicTacToe\TicTacToe.UWP\TicTacToe.UWP.csproj", "{679BEE10-E0F2-4A42-A5C5-F6B71913BBBC}"
EndProject
Project("{FAE04EC0-301F-11D3-BF4B-00C04F79EFBC}") = "TicTacToe.iOS", "TicTacToe\TicTacToe.iOS\TicTacToe.iOS.csproj", "{B5414320-89BA-4C91-A46E-5E1E77A26B1D}"
EndProject
Global
	GlobalSection(SolutionConfigurationPlatforms) = preSolution
		Ad-Hoc|Any CPU = Ad-Hoc|Any CPU
		Ad-Hoc|ARM = Ad-Hoc|ARM
		Ad-Hoc|iPhone = Ad-Hoc|iPhone
		Ad-Hoc|iPhoneSimulator = Ad-Hoc|iPhoneSimulator
		Ad-Hoc|x64 = Ad-Hoc|x64
		Ad-Hoc|x86 = Ad-Hoc|x86
		AppStore|Any CPU = AppStore|Any CPU
		AppStore|ARM = AppStore|ARM
		AppStore|iPhone = AppStore|iPhone
		AppStore|iPhoneSimulator = AppStore|iPhoneSimulator
		AppStore|x64 = AppStore|x64
		AppStore|x86 = AppStore|x86
		Debug|Any CPU = Debug|Any CPU
		Debug|ARM = Debug|ARM
		Debug|iPhone = Debug|iPhone
		Debug|iPhoneSimulator = Debug|iPhoneSimulator
		Debug|x64 = Debug|x64
		Debug|x86 = Debug|x86
		Release|Any CPU = Release|Any CPU
		Release|ARM = Release|ARM
		Release|iPhone = Release|iPhone
		Release|iPhoneSimulator = Release|iPhoneSimulator
		Release|x64 = Release|x64
		Release|x86 = Release|x86
	EndGlobalSection
	GlobalSection(ProjectConfigurationPlatforms) = postSolution
		{17144E1C-1DF2-412E-9C46-BF84FE971525}.Ad-Hoc|Any CPU.ActiveCfg = Release|Any CPU
		{17144E1C-1DF2-412E-9C46-BF84FE971525}.Ad-Hoc|Any CPU.Build.0 = Release|Any CPU
		{17144E1C-1DF2-412E-9C46-BF84FE971525}.Ad-Hoc|Any CPU.Deploy.0 = Release|Any CPU
		{17144E1C-1DF2-412E-9C46-BF84FE971525}.Ad-Hoc|ARM.ActiveCfg = Release|Any CPU
		{17144E1C-1DF2-412E-9C46-BF84FE971525}.Ad-Hoc|ARM.Build.0 = Release|Any CPU
		{17144E1C-1DF2-412E-9C46-BF84FE971525}.Ad-Hoc|ARM.Deploy.0 = Release|Any CPU
		{17144E1C-1DF2-412E-9C46-BF84FE971525}.Ad-Hoc|iPhone.ActiveCfg = Release|Any CPU
		{17144E1C-1DF2-412E-9C46-BF84FE971525}.Ad-Hoc|iPhone.Build.0 = Release|Any CPU
		{17144E1C-1DF2-412E-9C46-BF84FE971525}.Ad-Hoc|iPhone.Deploy.0 = Release|Any CPU
		{17144E1C-1DF2-412E-9C46-BF84FE971525}.Ad-Hoc|iPhoneSimulator.ActiveCfg = Release|Any CPU
		{17144E1C-1DF2-412E-9C46-BF84FE971525}.Ad-Hoc|iPhoneSimulator.Build.0 = Release|Any CPU
		{17144E1C-1DF2-412E-9C46-BF84FE971525}.Ad-Hoc|iPhoneSimulator.Deploy.0 = Release|Any CPU
		{17144E1C-1DF2-412E-9C46-BF84FE971525}.Ad-Hoc|x64.ActiveCfg = Release|Any CPU
		{17144E1C-1DF2-412E-9C46-BF84FE971525}.Ad-Hoc|x64.Build.0 = Release|Any CPU
		{17144E1C-1DF2-412E-9C46-BF84FE971525}.Ad-Hoc|x64.Deploy.0 = Release|Any CPU
		{17144E1C-1DF2-412E-9C46-BF84FE971525}.Ad-Hoc|x86.ActiveCfg = Release|Any CPU
		{17144E1C-1DF2-412E-9C46-BF84FE971525}.Ad-Hoc|x86.Build.0 = Release|Any CPU
		{17144E1C-1DF2-412E-9C46-BF84FE971525}.Ad-Hoc|x86.Deploy.0 = Release|Any CPU
		{17144E1C-1DF2-412E-9C46-BF84FE971525}.AppStore|Any CPU.ActiveCfg = Release|Any CPU
		{17144E1C-1DF2-412E-9C46-BF84FE971525}.AppStore|Any CPU.Build.0 = Release|Any CPU
		{17144E1C-1DF2-412E-9C46-BF84FE971525}.AppStore|Any CPU.Deploy.0 = Release|Any CPU
		{17144E1C-1DF2-412E-9C46-BF84FE971525}.AppStore|ARM.ActiveCfg = Release|Any CPU
		{17144E1C-1DF2-412E-9C46-BF84FE971525}.AppStore|ARM.Build.0 = Release|Any CPU
		{17144E1C-1DF2-412E-9C46-BF84FE971525}.AppStore|ARM.Deploy.0 = Release|Any CPU
		{17144E1C-1DF2-412E-9C46-BF84FE971525}.AppStore|iPhone.ActiveCfg = Release|Any CPU
		{17144E1C-1DF2-412E-9C46-BF84FE971525}.AppStore|iPhone.Build.0 = Release|Any CPU
		{17144E1C-1DF2-412E-9C46-BF84FE971525}.AppStore|iPhone.Deploy.0 = Release|Any CPU
		{17144E1C-1DF2-412E-9C46-BF84FE971525}.AppStore|iPhoneSimulator.ActiveCfg = Release|Any CPU
		{17144E1C-1DF2-412E-9C46-BF84FE971525}.AppStore|iPhoneSimulator.Build.0 = Release|Any CPU
		{17144E1C-1DF2-412E-9C46-BF84FE971525}.AppStore|iPhoneSimulator.Deploy.0 = Release|Any CPU
		{17144E1C-1DF2-412E-9C46-BF84FE971525}.AppStore|x64.ActiveCfg = Release|Any CPU
		{17144E1C-1DF2-412E-9C46-BF84FE971525}.AppStore|x64.Build.0 = Release|Any CPU
		{17144E1C-1DF2-412E-9C46-BF84FE971525}.AppStore|x64.Deploy.0 = Release|Any CPU
		{17144E1C-1DF2-412E-9C46-BF84FE971525}.AppStore|x86.ActiveCfg = Release|Any CPU
		{17144E1C-1DF2-412E-9C46-BF84FE971525}.AppStore|x86.Build.0 = Release|Any CPU
		{17144E1C-1DF2-412E-9C46-BF84FE971525}.AppStore|x86.Deploy.0 = Release|Any CPU
		{17144E1C-1DF2-412E-9C46-BF84FE971525}.Debug|Any CPU.ActiveCfg = Debug|Any CPU
		{17144E1C-1DF2-412E-9C46-BF84FE971525}.Debug|Any CPU.Build.0 = Debug|Any CPU
		{17144E1C-1DF2-412E-9C46-BF84FE971525}.Debug|Any CPU.Deploy.0 = Debug|Any CPU
		{17144E1C-1DF2-412E-9C46-BF84FE971525}.Debug|ARM.ActiveCfg = Debug|Any CPU
		{17144E1C-1DF2-412E-9C46-BF84FE971525}.Debug|ARM.Build.0 = Debug|Any CPU
		{17144E1C-1DF2-412E-9C46-BF84FE971525}.Debug|ARM.Deploy.0 = Debug|Any CPU
		{17144E1C-1DF2-412E-9C46-BF84FE971525}.Debug|iPhone.ActiveCfg = Debug|Any CPU
		{17144E1C-1DF2-412E-9C46-BF84FE971525}.Debug|iPhone.Build.0 = Debug|Any CPU
		{17144E1C-1DF2-412E-9C46-BF84FE971525}.Debug|iPhone.Deploy.0 = Debug|Any CPU
		{17144E1C-1DF2-412E-9C46-BF84FE971525}.Debug|iPhoneSimulator.ActiveCfg = Debug|Any CPU
		{17144E1C-1DF2-412E-9C46-BF84FE971525}.Debug|iPhoneSimulator.Build.0 = Debug|Any CPU
		{17144E1C-1DF2-412E-9C46-BF84FE971525}.Debug|iPhoneSimulator.Deploy.0 = Debug|Any CPU
		{17144E1C-1DF2-412E-9C46-BF84FE971525}.Debug|x64.ActiveCfg = Debug|Any CPU
		{17144E1C-1DF2-412E-9C46-BF84FE971525}.Debug|x64.Build.0 = Debug|Any CPU
		{17144E1C-1DF2-412E-9C46-BF84FE971525}.Debug|x64.Deploy.0 = Debug|Any CPU
		{17144E1C-1DF2-412E-9C46-BF84FE971525}.Debug|x86.ActiveCfg = Debug|Any CPU
		{17144E1C-1DF2-412E-9C46-BF84FE971525}.Debug|x86.Build.0 = Debug|Any CPU
		{17144E1C-1DF2-412E-9C46-BF84FE971525}.Debug|x86.Deploy.0 = Debug|Any CPU
		{17144E1C-1DF2-412E-9C46-BF84FE971525}.Release|Any CPU.ActiveCfg = Release|Any CPU
		{17144E1C-1DF2-412E-9C46-BF84FE971525}.Release|Any CPU.Build.0 = Release|Any CPU
		{17144E1C-1DF2-412E-9C46-BF84FE971525}.Release|Any CPU.Deploy.0 = Release|Any CPU
		{17144E1C-1DF2-412E-9C46-BF84FE971525}.Release|ARM.ActiveCfg = Release|Any CPU
		{17144E1C-1DF2-412E-9C46-BF84FE971525}.Release|ARM.Build.0 = Release|Any CPU
		{17144E1C-1DF2-412E-9C46-BF84FE971525}.Release|ARM.Deploy.0 = Release|Any CPU
		{17144E1C-1DF2-412E-9C46-BF84FE971525}.Release|iPhone.ActiveCfg = Release|Any CPU
		{17144E1C-1DF2-412E-9C46-BF84FE971525}.Release|iPhone.Build.0 = Release|Any CPU
		{17144E1C-1DF2-412E-9C46-BF84FE971525}.Release|iPhone.Deploy.0 = Release|Any CPU
		{17144E1C-1DF2-412E-9C46-BF84FE971525}.Release|iPhoneSimulator.ActiveCfg = Release|Any CPU
		{17144E1C-1DF2-412E-9C46-BF84FE971525}.Release|iPhoneSimulator.Build.0 = Release|Any CPU
		{17144E1C-1DF2-412E-9C46-BF84FE971525}.Release|iPhoneSimulator.Deploy.0 = Release|Any CPU
		{17144E1C-1DF2-412E-9C46-BF84FE971525}.Release|x64.ActiveCfg = Release|Any CPU
		{17144E1C-1DF2-412E-9C46-BF84FE971525}.Release|x64.Build.0 = Release|Any CPU
		{17144E1C-1DF2-412E-9C46-BF84FE971525}.Release|x64.Deploy.0 = Release|Any CPU
		{17144E1C-1DF2-412E-9C46-BF84FE971525}.Release|x86.ActiveCfg = Release|Any CPU
		{17144E1C-1DF2-412E-9C46-BF84FE971525}.Release|x86.Build.0 = Release|Any CPU
		{17144E1C-1DF2-412E-9C46-BF84FE971525}.Release|x86.Deploy.0 = Release|Any CPU
		{99BCD1EC-EEE9-4A8A-A13E-E16B5E9BACA2}.Ad-Hoc|Any CPU.ActiveCfg = Release|Any CPU
		{99BCD1EC-EEE9-4A8A-A13E-E16B5E9BACA2}.Ad-Hoc|Any CPU.Build.0 = Release|Any CPU
		{99BCD1EC-EEE9-4A8A-A13E-E16B5E9BACA2}.Ad-Hoc|ARM.ActiveCfg = Release|Any CPU
		{99BCD1EC-EEE9-4A8A-A13E-E16B5E9BACA2}.Ad-Hoc|ARM.Build.0 = Release|Any CPU
		{99BCD1EC-EEE9-4A8A-A13E-E16B5E9BACA2}.Ad-Hoc|iPhone.ActiveCfg = Release|Any CPU
		{99BCD1EC-EEE9-4A8A-A13E-E16B5E9BACA2}.Ad-Hoc|iPhone.Build.0 = Release|Any CPU
		{99BCD1EC-EEE9-4A8A-A13E-E16B5E9BACA2}.Ad-Hoc|iPhoneSimulator.ActiveCfg = Release|Any CPU
		{99BCD1EC-EEE9-4A8A-A13E-E16B5E9BACA2}.Ad-Hoc|iPhoneSimulator.Build.0 = Release|Any CPU
		{99BCD1EC-EEE9-4A8A-A13E-E16B5E9BACA2}.Ad-Hoc|x64.ActiveCfg = Release|Any CPU
		{99BCD1EC-EEE9-4A8A-A13E-E16B5E9BACA2}.Ad-Hoc|x64.Build.0 = Release|Any CPU
		{99BCD1EC-EEE9-4A8A-A13E-E16B5E9BACA2}.Ad-Hoc|x86.ActiveCfg = Release|Any CPU
		{99BCD1EC-EEE9-4A8A-A13E-E16B5E9BACA2}.Ad-Hoc|x86.Build.0 = Release|Any CPU
		{99BCD1EC-EEE9-4A8A-A13E-E16B5E9BACA2}.AppStore|Any CPU.ActiveCfg = Release|Any CPU
		{99BCD1EC-EEE9-4A8A-A13E-E16B5E9BACA2}.AppStore|Any CPU.Build.0 = Release|Any CPU
		{99BCD1EC-EEE9-4A8A-A13E-E16B5E9BACA2}.AppStore|ARM.ActiveCfg = Release|Any CPU
		{99BCD1EC-EEE9-4A8A-A13E-E16B5E9BACA2}.AppStore|ARM.Build.0 = Release|Any CPU
		{99BCD1EC-EEE9-4A8A-A13E-E16B5E9BACA2}.AppStore|iPhone.ActiveCfg = Release|Any CPU
		{99BCD1EC-EEE9-4A8A-A13E-E16B5E9BACA2}.AppStore|iPhone.Build.0 = Release|Any CPU
		{99BCD1EC-EEE9-4A8A-A13E-E16B5E9BACA2}.AppStore|iPhoneSimulator.ActiveCfg = Release|Any CPU
		{99BCD1EC-EEE9-4A8A-A13E-E16B5E9BACA2}.AppStore|iPhoneSimulator.Build.0 = Release|Any CPU
		{99BCD1EC-EEE9-4A8A-A13E-E16B5E9BACA2}.AppStore|x64.ActiveCfg = Release|Any CPU
		{99BCD1EC-EEE9-4A8A-A13E-E16B5E9BACA2}.AppStore|x64.Build.0 = Release|Any CPU
		{99BCD1EC-EEE9-4A8A-A13E-E16B5E9BACA2}.AppStore|x86.ActiveCfg = Release|Any CPU
		{99BCD1EC-EEE9-4A8A-A13E-E16B5E9BACA2}.AppStore|x86.Build.0 = Release|Any CPU
		{99BCD1EC-EEE9-4A8A-A13E-E16B5E9BACA2}.Debug|Any CPU.ActiveCfg = Debug|Any CPU
		{99BCD1EC-EEE9-4A8A-A13E-E16B5E9BACA2}.Debug|Any CPU.Build.0 = Debug|Any CPU
		{99BCD1EC-EEE9-4A8A-A13E-E16B5E9BACA2}.Debug|ARM.ActiveCfg = Debug|Any CPU
		{99BCD1EC-EEE9-4A8A-A13E-E16B5E9BACA2}.Debug|ARM.Build.0 = Debug|Any CPU
		{99BCD1EC-EEE9-4A8A-A13E-E16B5E9BACA2}.Debug|iPhone.ActiveCfg = Debug|Any CPU
		{99BCD1EC-EEE9-4A8A-A13E-E16B5E9BACA2}.Debug|iPhone.Build.0 = Debug|Any CPU
		{99BCD1EC-EEE9-4A8A-A13E-E16B5E9BACA2}.Debug|iPhoneSimulator.ActiveCfg = Debug|Any CPU
		{99BCD1EC-EEE9-4A8A-A13E-E16B5E9BACA2}.Debug|iPhoneSimulator.Build.0 = Debug|Any CPU
		{99BCD1EC-EEE9-4A8A-A13E-E16B5E9BACA2}.Debug|x64.ActiveCfg = Debug|Any CPU
		{99BCD1EC-EEE9-4A8A-A13E-E16B5E9BACA2}.Debug|x64.Build.0 = Debug|Any CPU
		{99BCD1EC-EEE9-4A8A-A13E-E16B5E9BACA2}.Debug|x86.ActiveCfg = Debug|Any CPU
		{99BCD1EC-EEE9-4A8A-A13E-E16B5E9BACA2}.Debug|x86.Build.0 = Debug|Any CPU
		{99BCD1EC-EEE9-4A8A-A13E-E16B5E9BACA2}.Release|Any CPU.ActiveCfg = Release|Any CPU
		{99BCD1EC-EEE9-4A8A-A13E-E16B5E9BACA2}.Release|Any CPU.Build.0 = Release|Any CPU
		{99BCD1EC-EEE9-4A8A-A13E-E16B5E9BACA2}.Release|ARM.ActiveCfg = Release|Any CPU
		{99BCD1EC-EEE9-4A8A-A13E-E16B5E9BACA2}.Release|ARM.Build.0 = Release|Any CPU
		{99BCD1EC-EEE9-4A8A-A13E-E16B5E9BACA2}.Release|iPhone.ActiveCfg = Release|Any CPU
		{99BCD1EC-EEE9-4A8A-A13E-E16B5E9BACA2}.Release|iPhone.Build.0 = Release|Any CPU
		{99BCD1EC-EEE9-4A8A-A13E-E16B5E9BACA2}.Release|iPhoneSimulator.ActiveCfg = Release|Any CPU
		{99BCD1EC-EEE9-4A8A-A13E-E16B5E9BACA2}.Release|iPhoneSimulator.Build.0 = Release|Any CPU
		{99BCD1EC-EEE9-4A8A-A13E-E16B5E9BACA2}.Release|x64.ActiveCfg = Release|Any CPU
		{99BCD1EC-EEE9-4A8A-A13E-E16B5E9BACA2}.Release|x64.Build.0 = Release|Any CPU
		{99BCD1EC-EEE9-4A8A-A13E-E16B5E9BACA2}.Release|x86.ActiveCfg = Release|Any CPU
		{99BCD1EC-EEE9-4A8A-A13E-E16B5E9BACA2}.Release|x86.Build.0 = Release|Any CPU
		{679BEE10-E0F2-4A42-A5C5-F6B71913BBBC}.Ad-Hoc|Any CPU.ActiveCfg = Release|x86
		{679BEE10-E0F2-4A42-A5C5-F6B71913BBBC}.Ad-Hoc|Any CPU.Build.0 = Release|x86
		{679BEE10-E0F2-4A42-A5C5-F6B71913BBBC}.Ad-Hoc|Any CPU.Deploy.0 = Release|x86
		{679BEE10-E0F2-4A42-A5C5-F6B71913BBBC}.Ad-Hoc|ARM.ActiveCfg = Release|ARM
		{679BEE10-E0F2-4A42-A5C5-F6B71913BBBC}.Ad-Hoc|ARM.Build.0 = Release|ARM
		{679BEE10-E0F2-4A42-A5C5-F6B71913BBBC}.Ad-Hoc|ARM.Deploy.0 = Release|ARM
		{679BEE10-E0F2-4A42-A5C5-F6B71913BBBC}.Ad-Hoc|iPhone.ActiveCfg = Release|x86
		{679BEE10-E0F2-4A42-A5C5-F6B71913BBBC}.Ad-Hoc|iPhone.Build.0 = Release|x86
		{679BEE10-E0F2-4A42-A5C5-F6B71913BBBC}.Ad-Hoc|iPhone.Deploy.0 = Release|x86
		{679BEE10-E0F2-4A42-A5C5-F6B71913BBBC}.Ad-Hoc|iPhoneSimulator.ActiveCfg = Release|x86
		{679BEE10-E0F2-4A42-A5C5-F6B71913BBBC}.Ad-Hoc|iPhoneSimulator.Build.0 = Release|x86
		{679BEE10-E0F2-4A42-A5C5-F6B71913BBBC}.Ad-Hoc|iPhoneSimulator.Deploy.0 = Release|x86
		{679BEE10-E0F2-4A42-A5C5-F6B71913BBBC}.Ad-Hoc|x64.ActiveCfg = Release|x64
		{679BEE10-E0F2-4A42-A5C5-F6B71913BBBC}.Ad-Hoc|x64.Build.0 = Release|x64
		{679BEE10-E0F2-4A42-A5C5-F6B71913BBBC}.Ad-Hoc|x64.Deploy.0 = Release|x64
		{679BEE10-E0F2-4A42-A5C5-F6B71913BBBC}.Ad-Hoc|x86.ActiveCfg = Release|x86
		{679BEE10-E0F2-4A42-A5C5-F6B71913BBBC}.Ad-Hoc|x86.Build.0 = Release|x86
		{679BEE10-E0F2-4A42-A5C5-F6B71913BBBC}.Ad-Hoc|x86.Deploy.0 = Release|x86
		{679BEE10-E0F2-4A42-A5C5-F6B71913BBBC}.AppStore|Any CPU.ActiveCfg = Release|x86
		{679BEE10-E0F2-4A42-A5C5-F6B71913BBBC}.AppStore|Any CPU.Build.0 = Release|x86
		{679BEE10-E0F2-4A42-A5C5-F6B71913BBBC}.AppStore|Any CPU.Deploy.0 = Release|x86
		{679BEE10-E0F2-4A42-A5C5-F6B71913BBBC}.AppStore|ARM.ActiveCfg = Release|ARM
		{679BEE10-E0F2-4A42-A5C5-F6B71913BBBC}.AppStore|ARM.Build.0 = Release|ARM
		{679BEE10-E0F2-4A42-A5C5-F6B71913BBBC}.AppStore|ARM.Deploy.0 = Release|ARM
		{679BEE10-E0F2-4A42-A5C5-F6B71913BBBC}.AppStore|iPhone.ActiveCfg = Release|x86
		{679BEE10-E0F2-4A42-A5C5-F6B71913BBBC}.AppStore|iPhone.Build.0 = Release|x86
		{679BEE10-E0F2-4A42-A5C5-F6B71913BBBC}.AppStore|iPhone.Deploy.0 = Release|x86
		{679BEE10-E0F2-4A42-A5C5-F6B71913BBBC}.AppStore|iPhoneSimulator.ActiveCfg = Release|x86
		{679BEE10-E0F2-4A42-A5C5-F6B71913BBBC}.AppStore|iPhoneSimulator.Build.0 = Release|x86
		{679BEE10-E0F2-4A42-A5C5-F6B71913BBBC}.AppStore|iPhoneSimulator.Deploy.0 = Release|x86
		{679BEE10-E0F2-4A42-A5C5-F6B71913BBBC}.AppStore|x64.ActiveCfg = Release|x64
		{679BEE10-E0F2-4A42-A5C5-F6B71913BBBC}.AppStore|x64.Build.0 = Release|x64
		{679BEE10-E0F2-4A42-A5C5-F6B71913BBBC}.AppStore|x64.Deploy.0 = Release|x64
		{679BEE10-E0F2-4A42-A5C5-F6B71913BBBC}.AppStore|x86.ActiveCfg = Release|x86
		{679BEE10-E0F2-4A42-A5C5-F6B71913BBBC}.AppStore|x86.Build.0 = Release|x86
		{679BEE10-E0F2-4A42-A5C5-F6B71913BBBC}.AppStore|x86.Deploy.0 = Release|x86
		{679BEE10-E0F2-4A42-A5C5-F6B71913BBBC}.Debug|Any CPU.ActiveCfg = Debug|x86
		{679BEE10-E0F2-4A42-A5C5-F6B71913BBBC}.Debug|Any CPU.Build.0 = Debug|x86
		{679BEE10-E0F2-4A42-A5C5-F6B71913BBBC}.Debug|Any CPU.Deploy.0 = Debug|x86
		{679BEE10-E0F2-4A42-A5C5-F6B71913BBBC}.Debug|ARM.ActiveCfg = Debug|ARM
		{679BEE10-E0F2-4A42-A5C5-F6B71913BBBC}.Debug|ARM.Build.0 = Debug|ARM
		{679BEE10-E0F2-4A42-A5C5-F6B71913BBBC}.Debug|ARM.Deploy.0 = Debug|ARM
		{679BEE10-E0F2-4A42-A5C5-F6B71913BBBC}.Debug|iPhone.ActiveCfg = Debug|x86
		{679BEE10-E0F2-4A42-A5C5-F6B71913BBBC}.Debug|iPhoneSimulator.ActiveCfg = Debug|x86
		{679BEE10-E0F2-4A42-A5C5-F6B71913BBBC}.Debug|iPhoneSimulator.Build.0 = Debug|x86
		{679BEE10-E0F2-4A42-A5C5-F6B71913BBBC}.Debug|iPhoneSimulator.Deploy.0 = Debug|x86
		{679BEE10-E0F2-4A42-A5C5-F6B71913BBBC}.Debug|x64.ActiveCfg = Debug|x64
		{679BEE10-E0F2-4A42-A5C5-F6B71913BBBC}.Debug|x64.Build.0 = Debug|x64
		{679BEE10-E0F2-4A42-A5C5-F6B71913BBBC}.Debug|x64.Deploy.0 = Debug|x64
		{679BEE10-E0F2-4A42-A5C5-F6B71913BBBC}.Debug|x86.ActiveCfg = Debug|x86
		{679BEE10-E0F2-4A42-A5C5-F6B71913BBBC}.Debug|x86.Build.0 = Debug|x86
		{679BEE10-E0F2-4A42-A5C5-F6B71913BBBC}.Debug|x86.Deploy.0 = Debug|x86
		{679BEE10-E0F2-4A42-A5C5-F6B71913BBBC}.Release|Any CPU.ActiveCfg = Release|x86
		{679BEE10-E0F2-4A42-A5C5-F6B71913BBBC}.Release|ARM.ActiveCfg = Release|ARM
		{679BEE10-E0F2-4A42-A5C5-F6B71913BBBC}.Release|ARM.Build.0 = Release|ARM
		{679BEE10-E0F2-4A42-A5C5-F6B71913BBBC}.Release|ARM.Deploy.0 = Release|ARM
		{679BEE10-E0F2-4A42-A5C5-F6B71913BBBC}.Release|iPhone.ActiveCfg = Release|x86
		{679BEE10-E0F2-4A42-A5C5-F6B71913BBBC}.Release|iPhoneSimulator.ActiveCfg = Release|x86
		{679BEE10-E0F2-4A42-A5C5-F6B71913BBBC}.Release|x64.ActiveCfg = Release|x64
		{679BEE10-E0F2-4A42-A5C5-F6B71913BBBC}.Release|x64.Build.0 = Release|x64
		{679BEE10-E0F2-4A42-A5C5-F6B71913BBBC}.Release|x64.Deploy.0 = Release|x64
		{679BEE10-E0F2-4A42-A5C5-F6B71913BBBC}.Release|x86.ActiveCfg = Release|x86
		{679BEE10-E0F2-4A42-A5C5-F6B71913BBBC}.Release|x86.Build.0 = Release|x86
		{679BEE10-E0F2-4A42-A5C5-F6B71913BBBC}.Release|x86.Deploy.0 = Release|x86
		{B5414320-89BA-4C91-A46E-5E1E77A26B1D}.Ad-Hoc|Any CPU.ActiveCfg = Ad-Hoc|iPhone
		{B5414320-89BA-4C91-A46E-5E1E77A26B1D}.Ad-Hoc|ARM.ActiveCfg = Ad-Hoc|iPhone
		{B5414320-89BA-4C91-A46E-5E1E77A26B1D}.Ad-Hoc|iPhone.ActiveCfg = Ad-Hoc|iPhone
		{B5414320-89BA-4C91-A46E-5E1E77A26B1D}.Ad-Hoc|iPhone.Build.0 = Ad-Hoc|iPhone
		{B5414320-89BA-4C91-A46E-5E1E77A26B1D}.Ad-Hoc|iPhoneSimulator.ActiveCfg = Ad-Hoc|iPhoneSimulator
		{B5414320-89BA-4C91-A46E-5E1E77A26B1D}.Ad-Hoc|iPhoneSimulator.Build.0 = Ad-Hoc|iPhoneSimulator
		{B5414320-89BA-4C91-A46E-5E1E77A26B1D}.Ad-Hoc|x64.ActiveCfg = Ad-Hoc|iPhone
		{B5414320-89BA-4C91-A46E-5E1E77A26B1D}.Ad-Hoc|x86.ActiveCfg = Ad-Hoc|iPhone
		{B5414320-89BA-4C91-A46E-5E1E77A26B1D}.AppStore|Any CPU.ActiveCfg = AppStore|iPhone
		{B5414320-89BA-4C91-A46E-5E1E77A26B1D}.AppStore|ARM.ActiveCfg = AppStore|iPhone
		{B5414320-89BA-4C91-A46E-5E1E77A26B1D}.AppStore|iPhone.ActiveCfg = AppStore|iPhone
		{B5414320-89BA-4C91-A46E-5E1E77A26B1D}.AppStore|iPhone.Build.0 = AppStore|iPhone
		{B5414320-89BA-4C91-A46E-5E1E77A26B1D}.AppStore|iPhoneSimulator.ActiveCfg = AppStore|iPhoneSimulator
		{B5414320-89BA-4C91-A46E-5E1E77A26B1D}.AppStore|iPhoneSimulator.Build.0 = AppStore|iPhoneSimulator
		{B5414320-89BA-4C91-A46E-5E1E77A26B1D}.AppStore|x64.ActiveCfg = AppStore|iPhone
		{B5414320-89BA-4C91-A46E-5E1E77A26B1D}.AppStore|x86.ActiveCfg = AppStore|iPhone
		{B5414320-89BA-4C91-A46E-5E1E77A26B1D}.Debug|Any CPU.ActiveCfg = Debug|iPhone
		{B5414320-89BA-4C91-A46E-5E1E77A26B1D}.Debug|ARM.ActiveCfg = Debug|iPhone
		{B5414320-89BA-4C91-A46E-5E1E77A26B1D}.Debug|iPhone.ActiveCfg = Debug|iPhone
		{B5414320-89BA-4C91-A46E-5E1E77A26B1D}.Debug|iPhone.Build.0 = Debug|iPhone
		{B5414320-89BA-4C91-A46E-5E1E77A26B1D}.Debug|iPhoneSimulator.ActiveCfg = Debug|iPhoneSimulator
		{B5414320-89BA-4C91-A46E-5E1E77A26B1D}.Debug|iPhoneSimulator.Build.0 = Debug|iPhoneSimulator
		{B5414320-89BA-4C91-A46E-5E1E77A26B1D}.Debug|x64.ActiveCfg = Debug|iPhone
		{B5414320-89BA-4C91-A46E-5E1E77A26B1D}.Debug|x86.ActiveCfg = Debug|iPhone
		{B5414320-89BA-4C91-A46E-5E1E77A26B1D}.Release|Any CPU.ActiveCfg = Release|iPhone
		{B5414320-89BA-4C91-A46E-5E1E77A26B1D}.Release|ARM.ActiveCfg = Release|iPhone
		{B5414320-89BA-4C91-A46E-5E1E77A26B1D}.Release|iPhone.ActiveCfg = Release|iPhone
		{B5414320-89BA-4C91-A46E-5E1E77A26B1D}.Release|iPhone.Build.0 = Release|iPhone
		{B5414320-89BA-4C91-A46E-5E1E77A26B1D}.Release|iPhoneSimulator.ActiveCfg = Release|iPhoneSimulator
		{B5414320-89BA-4C91-A46E-5E1E77A26B1D}.Release|iPhoneSimulator.Build.0 = Release|iPhoneSimulator
		{B5414320-89BA-4C91-A46E-5E1E77A26B1D}.Release|x64.ActiveCfg = Release|iPhone
		{B5414320-89BA-4C91-A46E-5E1E77A26B1D}.Release|x86.ActiveCfg = Release|iPhone
	EndGlobalSection
	GlobalSection(SolutionProperties) = preSolution
		HideSolutionNode = FALSE
	EndGlobalSection
EndGlobal
